
Microsoft Visual Studio Solution File, Format Version 12.00
# Visual Studio Version 17
VisualStudioVersion = 17.8.34330.188
MinimumVisualStudioVersion = 10.0.40219.1
Project("{FAE04EC0-301F-11D3-BF4B-00C04F79EFBC}") = "TypesAndVariables", "TypesAndVariables\TypesAndVariables.csproj", "{697E9668-4C4E-48BE-BBCB-D2C7A6A69929}"
EndProject
Project("{FAE04EC0-301F-11D3-BF4B-00C04F79EFBC}") = "Conditionals", "Conditionals\Conditionals.csproj", "{61219E1C-426A-4F90-A3F5-C4D3499D914D}"
EndProject
Project("{FAE04EC0-301F-11D3-BF4B-00C04F79EFBC}") = "Methods", "Methods\Methods.csproj", "{ABF6763D-7E6A-4CD9-9949-40CE179E540A}"
EndProject
Project("{FAE04EC0-301F-11D3-BF4B-00C04F79EFBC}") = "Arrays", "Arrays\Arrays.csproj", "{54F20B91-AB72-4A49-978F-943F6BB00A2B}"
EndProject
Project("{FAE04EC0-301F-11D3-BF4B-00C04F79EFBC}") = "Loops", "Loops\Loops.csproj", "{2D7CAE85-E15D-447D-97AA-48406FCA87F6}"
EndProject
Project("{FAE04EC0-301F-11D3-BF4B-00C04F79EFBC}") = "Strings", "Strings\Strings.csproj", "{50C71EC7-F7CC-43BE-B0AA-F4B300D04D52}"
EndProject
Global
	GlobalSection(SolutionConfigurationPlatforms) = preSolution
		Debug|Any CPU = Debug|Any CPU
		Release|Any CPU = Release|Any CPU
	EndGlobalSection
	GlobalSection(ProjectConfigurationPlatforms) = postSolution
		{697E9668-4C4E-48BE-BBCB-D2C7A6A69929}.Debug|Any CPU.ActiveCfg = Debug|Any CPU
		{697E9668-4C4E-48BE-BBCB-D2C7A6A69929}.Debug|Any CPU.Build.0 = Debug|Any CPU
		{697E9668-4C4E-48BE-BBCB-D2C7A6A69929}.Release|Any CPU.ActiveCfg = Release|Any CPU
		{697E9668-4C4E-48BE-BBCB-D2C7A6A69929}.Release|Any CPU.Build.0 = Release|Any CPU
		{61219E1C-426A-4F90-A3F5-C4D3499D914D}.Debug|Any CPU.ActiveCfg = Debug|Any CPU
		{61219E1C-426A-4F90-A3F5-C4D3499D914D}.Debug|Any CPU.Build.0 = Debug|Any CPU
		{61219E1C-426A-4F90-A3F5-C4D3499D914D}.Release|Any CPU.ActiveCfg = Release|Any CPU
		{61219E1C-426A-4F90-A3F5-C4D3499D914D}.Release|Any CPU.Build.0 = Release|Any CPU
		{ABF6763D-7E6A-4CD9-9949-40CE179E540A}.Debug|Any CPU.ActiveCfg = Debug|Any CPU
		{ABF6763D-7E6A-4CD9-9949-40CE179E540A}.Debug|Any CPU.Build.0 = Debug|Any CPU
		{ABF6763D-7E6A-4CD9-9949-40CE179E540A}.Release|Any CPU.ActiveCfg = Release|Any CPU
		{ABF6763D-7E6A-4CD9-9949-40CE179E540A}.Release|Any CPU.Build.0 = Release|Any CPU
		{54F20B91-AB72-4A49-978F-943F6BB00A2B}.Debug|Any CPU.ActiveCfg = Debug|Any CPU
		{54F20B91-AB72-4A49-978F-943F6BB00A2B}.Debug|Any CPU.Build.0 = Debug|Any CPU
		{54F20B91-AB72-4A49-978F-943F6BB00A2B}.Release|Any CPU.ActiveCfg = Release|Any CPU
		{54F20B91-AB72-4A49-978F-943F6BB00A2B}.Release|Any CPU.Build.0 = Release|Any CPU
		{2D7CAE85-E15D-447D-97AA-48406FCA87F6}.Debug|Any CPU.ActiveCfg = Debug|Any CPU
		{2D7CAE85-E15D-447D-97AA-48406FCA87F6}.Debug|Any CPU.Build.0 = Debug|Any CPU
		{2D7CAE85-E15D-447D-97AA-48406FCA87F6}.Release|Any CPU.ActiveCfg = Release|Any CPU
		{2D7CAE85-E15D-447D-97AA-48406FCA87F6}.Release|Any CPU.Build.0 = Release|Any CPU
		{50C71EC7-F7CC-43BE-B0AA-F4B300D04D52}.Debug|Any CPU.ActiveCfg = Debug|Any CPU
		{50C71EC7-F7CC-43BE-B0AA-F4B300D04D52}.Debug|Any CPU.Build.0 = Debug|Any CPU
		{50C71EC7-F7CC-43BE-B0AA-F4B300D04D52}.Release|Any CPU.ActiveCfg = Release|Any CPU
		{50C71EC7-F7CC-43BE-B0AA-F4B300D04D52}.Release|Any CPU.Build.0 = Release|Any CPU
	EndGlobalSection
	GlobalSection(SolutionProperties) = preSolution
		HideSolutionNode = FALSE
	EndGlobalSection
	GlobalSection(ExtensibilityGlobals) = postSolution
		SolutionGuid = {369A0DE6-3BA5-4B0B-84EE-364551447661}
	EndGlobalSection
EndGlobal
